
Microsoft Visual Studio Solution File, Format Version 12.00
# Visual Studio Version 16
VisualStudioVersion = 16.0.31025.194
MinimumVisualStudioVersion = 10.0.40219.1
Project("{FAE04EC0-301F-11D3-BF4B-00C04F79EFBC}") = "Kitaplik_Proje", "Kitaplik_Proje\Kitaplik_Proje.csproj", "{FC0B148D-0EFF-466E-8393-196803FE2327}"
EndProject
Global
	GlobalSection(SolutionConfigurationPlatforms) = preSolution
		Debug|Any CPU = Debug|Any CPU
		Release|Any CPU = Release|Any CPU
	EndGlobalSection
	GlobalSection(ProjectConfigurationPlatforms) = postSolution
		{FC0B148D-0EFF-466E-8393-196803FE2327}.Debug|Any CPU.ActiveCfg = Debug|Any CPU
		{FC0B148D-0EFF-466E-8393-196803FE2327}.Debug|Any CPU.Build.0 = Debug|Any CPU
		{FC0B148D-0EFF-466E-8393-196803FE2327}.Release|Any CPU.ActiveCfg = Release|Any CPU
		{FC0B148D-0EFF-466E-8393-196803FE2327}.Release|Any CPU.Build.0 = Release|Any CPU
	EndGlobalSection
	GlobalSection(SolutionProperties) = preSolution
		HideSolutionNode = FALSE
	EndGlobalSection
	GlobalSection(ExtensibilityGlobals) = postSolution
		SolutionGuid = {F7E77C21-C938-491C-B20B-6444E28DB638}
	EndGlobalSection
EndGlobal
